
Microsoft Visual Studio Solution File, Format Version 12.00
# Visual Studio 15
VisualStudioVersion = 15.0.27130.2010
MinimumVisualStudioVersion = 10.0.40219.1
Project("{9A19103F-16F7-4668-BE54-9A1E7A4F7556}") = "HouseCrawler.Core", "HouseCrawler.Core\HouseCrawler.Core.csproj", "{8DA3AC47-1F9D-4E8D-9291-D88FB0BE4CC6}"
EndProject
Project("{9A19103F-16F7-4668-BE54-9A1E7A4F7556}") = "Analyser", "Analyser\Analyser.csproj", "{9811A403-3367-46EF-AA62-D210CC4C1369}"
EndProject
Project("{9A19103F-16F7-4668-BE54-9A1E7A4F7556}") = "Segmenter", "Segmenter\Segmenter.csproj", "{6BD2A906-55AC-4771-A156-5DE43DD251A9}"
EndProject
Project("{9A19103F-16F7-4668-BE54-9A1E7A4F7556}") = "HouseCrawler.Web", "HouseCrawler.Web\HouseCrawler.Web.csproj", "{4226C20E-E9DE-4BA6-ACF1-B4E41CABA674}"
EndProject
Project("{2150E333-8FDC-42A3-9474-1A3956D46DE8}") = "SQLScript", "SQLScript", "{91B77EF8-0DF3-478A-9C72-C6A15ACC7FA8}"
	ProjectSection(SolutionItems) = preProject
		..\..\..\..\Users\LGB83\Desktop\CrawlerConfigurations.sql = ..\..\..\..\Users\LGB83\Desktop\CrawlerConfigurations.sql
		..\..\..\..\Users\LGB83\Desktop\HouseInfos.sql = ..\..\..\..\Users\LGB83\Desktop\HouseInfos.sql
	EndProjectSection
EndProject
Global
	GlobalSection(SolutionConfigurationPlatforms) = preSolution
		Debug|Any CPU = Debug|Any CPU
		Release|Any CPU = Release|Any CPU
	EndGlobalSection
	GlobalSection(ProjectConfigurationPlatforms) = postSolution
		{8DA3AC47-1F9D-4E8D-9291-D88FB0BE4CC6}.Debug|Any CPU.ActiveCfg = Debug|Any CPU
		{8DA3AC47-1F9D-4E8D-9291-D88FB0BE4CC6}.Debug|Any CPU.Build.0 = Debug|Any CPU
		{8DA3AC47-1F9D-4E8D-9291-D88FB0BE4CC6}.Release|Any CPU.ActiveCfg = Release|Any CPU
		{8DA3AC47-1F9D-4E8D-9291-D88FB0BE4CC6}.Release|Any CPU.Build.0 = Release|Any CPU
		{9811A403-3367-46EF-AA62-D210CC4C1369}.Debug|Any CPU.ActiveCfg = Debug|Any CPU
		{9811A403-3367-46EF-AA62-D210CC4C1369}.Debug|Any CPU.Build.0 = Debug|Any CPU
		{9811A403-3367-46EF-AA62-D210CC4C1369}.Release|Any CPU.ActiveCfg = Release|Any CPU
		{9811A403-3367-46EF-AA62-D210CC4C1369}.Release|Any CPU.Build.0 = Release|Any CPU
		{6BD2A906-55AC-4771-A156-5DE43DD251A9}.Debug|Any CPU.ActiveCfg = Debug|Any CPU
		{6BD2A906-55AC-4771-A156-5DE43DD251A9}.Debug|Any CPU.Build.0 = Debug|Any CPU
		{6BD2A906-55AC-4771-A156-5DE43DD251A9}.Release|Any CPU.ActiveCfg = Release|Any CPU
		{6BD2A906-55AC-4771-A156-5DE43DD251A9}.Release|Any CPU.Build.0 = Release|Any CPU
		{4226C20E-E9DE-4BA6-ACF1-B4E41CABA674}.Debug|Any CPU.ActiveCfg = Debug|Any CPU
		{4226C20E-E9DE-4BA6-ACF1-B4E41CABA674}.Debug|Any CPU.Build.0 = Debug|Any CPU
		{4226C20E-E9DE-4BA6-ACF1-B4E41CABA674}.Release|Any CPU.ActiveCfg = Release|Any CPU
		{4226C20E-E9DE-4BA6-ACF1-B4E41CABA674}.Release|Any CPU.Build.0 = Release|Any CPU
	EndGlobalSection
	GlobalSection(SolutionProperties) = preSolution
		HideSolutionNode = FALSE
	EndGlobalSection
	GlobalSection(ExtensibilityGlobals) = postSolution
		SolutionGuid = {E66F234F-F6AA-4783-8AAC-17B2E000DF4B}
	EndGlobalSection
EndGlobal
