
Microsoft Visual Studio Solution File, Format Version 12.00
# Visual Studio 15
VisualStudioVersion = 15.0.27130.2024
MinimumVisualStudioVersion = 10.0.40219.1
Project("{9A19103F-16F7-4668-BE54-9A1E7A4F7556}") = "HouseCrawler.Core", "HouseCrawler.Core\HouseCrawler.Core.csproj", "{8DA3AC47-1F9D-4E8D-9291-D88FB0BE4CC6}"
EndProject
Project("{2150E333-8FDC-42A3-9474-1A3956D46DE8}") = "SQLScript", "SQLScript", "{91B77EF8-0DF3-478A-9C72-C6A15ACC7FA8}"
	ProjectSection(SolutionItems) = preProject
		CCBHouse_City.txt = CCBHouse_City.txt
		C:\Users\LGB83\Documents\dumps\Dump20180405-Configurations.sql = C:\Users\LGB83\Documents\dumps\Dump20180405-Configurations.sql
		C:\Users\LGB83\Documents\dumps\Dump20180405-Sructure.sql = C:\Users\LGB83\Documents\dumps\Dump20180405-Sructure.sql
		readme.md = readme.md
	EndProjectSection
EndProject
Project("{9A19103F-16F7-4668-BE54-9A1E7A4F7556}") = "HouseCrawler.Web", "HouseCrawler.Web\HouseCrawler.Web.csproj", "{72958ADC-4E47-4550-928D-3CBD1BE6C741}"
EndProject
Global
	GlobalSection(SolutionConfigurationPlatforms) = preSolution
		Debug|Any CPU = Debug|Any CPU
		Release|Any CPU = Release|Any CPU
	EndGlobalSection
	GlobalSection(ProjectConfigurationPlatforms) = postSolution
		{8DA3AC47-1F9D-4E8D-9291-D88FB0BE4CC6}.Debug|Any CPU.ActiveCfg = Debug|Any CPU
		{8DA3AC47-1F9D-4E8D-9291-D88FB0BE4CC6}.Debug|Any CPU.Build.0 = Debug|Any CPU
		{8DA3AC47-1F9D-4E8D-9291-D88FB0BE4CC6}.Release|Any CPU.ActiveCfg = Release|Any CPU
		{8DA3AC47-1F9D-4E8D-9291-D88FB0BE4CC6}.Release|Any CPU.Build.0 = Release|Any CPU
		{72958ADC-4E47-4550-928D-3CBD1BE6C741}.Debug|Any CPU.ActiveCfg = Debug|Any CPU
		{72958ADC-4E47-4550-928D-3CBD1BE6C741}.Debug|Any CPU.Build.0 = Debug|Any CPU
		{72958ADC-4E47-4550-928D-3CBD1BE6C741}.Release|Any CPU.ActiveCfg = Release|Any CPU
		{72958ADC-4E47-4550-928D-3CBD1BE6C741}.Release|Any CPU.Build.0 = Release|Any CPU
	EndGlobalSection
	GlobalSection(SolutionProperties) = preSolution
		HideSolutionNode = FALSE
	EndGlobalSection
	GlobalSection(ExtensibilityGlobals) = postSolution
		SolutionGuid = {E66F234F-F6AA-4783-8AAC-17B2E000DF4B}
	EndGlobalSection
EndGlobal
