
Microsoft Visual Studio Solution File, Format Version 12.00
# Visual Studio 15
VisualStudioVersion = 15.0.26228.4
MinimumVisualStudioVersion = 10.0.40219.1
Project("{FAE04EC0-301F-11D3-BF4B-00C04F79EFBC}") = "58HouseSearch.Core", "58HouseSearch.Core\58HouseSearch.Core.csproj", "{FE16AE3B-A204-4882-BE7C-9C42039EA855}"
EndProject
Global
	GlobalSection(SolutionConfigurationPlatforms) = preSolution
		Debug|Any CPU = Debug|Any CPU
		Release|Any CPU = Release|Any CPU
	EndGlobalSection
	GlobalSection(ProjectConfigurationPlatforms) = postSolution
		{FE16AE3B-A204-4882-BE7C-9C42039EA855}.Debug|Any CPU.ActiveCfg = Debug|Any CPU
		{FE16AE3B-A204-4882-BE7C-9C42039EA855}.Debug|Any CPU.Build.0 = Debug|Any CPU
		{FE16AE3B-A204-4882-BE7C-9C42039EA855}.Release|Any CPU.ActiveCfg = Release|Any CPU
		{FE16AE3B-A204-4882-BE7C-9C42039EA855}.Release|Any CPU.Build.0 = Release|Any CPU
	EndGlobalSection
	GlobalSection(SolutionProperties) = preSolution
		HideSolutionNode = FALSE
	EndGlobalSection
EndGlobal
